
Microsoft Visual Studio Solution File, Format Version 12.00
# Visual Studio 15
Project("{FAE04EC0-301F-11D3-BF4B-00C04F79EFBC}") = "Calculator", "Calculator\Calculator.csproj", "{B664D0FC-8EAF-45BE-AE0C-AE152050B87F}"
EndProject
Global
	GlobalSection(SolutionConfigurationPlatforms) = preSolution
		Debug|anycpu = Debug|anycpu
		Release|anycpu = Release|anycpu
	EndGlobalSection
	GlobalSection(ProjectConfigurationPlatforms) = postSolution
		{B664D0FC-8EAF-45BE-AE0C-AE152050B87F}.Debug|anycpu.ActiveCfg = Debug|anycpu
		{B664D0FC-8EAF-45BE-AE0C-AE152050B87F}.Debug|anycpu.Build.0 = Debug|anycpu
		{B664D0FC-8EAF-45BE-AE0C-AE152050B87F}.Release|anycpu.ActiveCfg = Release|anycpu
		{B664D0FC-8EAF-45BE-AE0C-AE152050B87F}.Release|anycpu.Build.0 = Release|anycpu
	EndGlobalSection
EndGlobal
